
Microsoft Visual Studio Solution File, Format Version 12.00
# Visual Studio Version 16
VisualStudioVersion = 16.0.31515.178
MinimumVisualStudioVersion = 10.0.40219.1
Project("{FAE04EC0-301F-11D3-BF4B-00C04F79EFBC}") = "MediaManagerUWPIssue.UWP", "MediaManagerUWPIssue\MediaManagerUWPIssue.UWP\MediaManagerUWPIssue.UWP.csproj", "{F600B76B-7523-42FD-884D-72BF459D19C5}"
EndProject
Project("{FAE04EC0-301F-11D3-BF4B-00C04F79EFBC}") = "MediaManagerUWPIssue.Android", "MediaManagerUWPIssue\MediaManagerUWPIssue.Android\MediaManagerUWPIssue.Android.csproj", "{DEEF309F-16C6-45F8-ABC9-40130170680A}"
EndProject
Project("{FAE04EC0-301F-11D3-BF4B-00C04F79EFBC}") = "MediaManagerUWPIssue.iOS", "MediaManagerUWPIssue\MediaManagerUWPIssue.iOS\MediaManagerUWPIssue.iOS.csproj", "{1CAC69DA-4834-460B-8E5F-F5ECE7C4A4CB}"
EndProject
Project("{FAE04EC0-301F-11D3-BF4B-00C04F79EFBC}") = "MediaManagerUWPIssue", "MediaManagerUWPIssue\MediaManagerUWPIssue\MediaManagerUWPIssue.csproj", "{731DC53D-E065-496E-92E9-215744C3BC6D}"
EndProject
Global
	GlobalSection(SolutionConfigurationPlatforms) = preSolution
		Debug|Any CPU = Debug|Any CPU
		Debug|ARM = Debug|ARM
		Debug|iPhone = Debug|iPhone
		Debug|iPhoneSimulator = Debug|iPhoneSimulator
		Debug|x64 = Debug|x64
		Debug|x86 = Debug|x86
		Release|Any CPU = Release|Any CPU
		Release|ARM = Release|ARM
		Release|iPhone = Release|iPhone
		Release|iPhoneSimulator = Release|iPhoneSimulator
		Release|x64 = Release|x64
		Release|x86 = Release|x86
	EndGlobalSection
	GlobalSection(ProjectConfigurationPlatforms) = postSolution
		{F600B76B-7523-42FD-884D-72BF459D19C5}.Debug|Any CPU.ActiveCfg = Debug|x86
		{F600B76B-7523-42FD-884D-72BF459D19C5}.Debug|Any CPU.Build.0 = Debug|x86
		{F600B76B-7523-42FD-884D-72BF459D19C5}.Debug|Any CPU.Deploy.0 = Debug|x86
		{F600B76B-7523-42FD-884D-72BF459D19C5}.Debug|ARM.ActiveCfg = Debug|ARM
		{F600B76B-7523-42FD-884D-72BF459D19C5}.Debug|ARM.Build.0 = Debug|ARM
		{F600B76B-7523-42FD-884D-72BF459D19C5}.Debug|ARM.Deploy.0 = Debug|ARM
		{F600B76B-7523-42FD-884D-72BF459D19C5}.Debug|iPhone.ActiveCfg = Debug|x86
		{F600B76B-7523-42FD-884D-72BF459D19C5}.Debug|iPhone.Build.0 = Debug|x86
		{F600B76B-7523-42FD-884D-72BF459D19C5}.Debug|iPhone.Deploy.0 = Debug|x86
		{F600B76B-7523-42FD-884D-72BF459D19C5}.Debug|iPhoneSimulator.ActiveCfg = Debug|x86
		{F600B76B-7523-42FD-884D-72BF459D19C5}.Debug|iPhoneSimulator.Build.0 = Debug|x86
		{F600B76B-7523-42FD-884D-72BF459D19C5}.Debug|iPhoneSimulator.Deploy.0 = Debug|x86
		{F600B76B-7523-42FD-884D-72BF459D19C5}.Debug|x64.ActiveCfg = Debug|x64
		{F600B76B-7523-42FD-884D-72BF459D19C5}.Debug|x64.Build.0 = Debug|x64
		{F600B76B-7523-42FD-884D-72BF459D19C5}.Debug|x64.Deploy.0 = Debug|x64
		{F600B76B-7523-42FD-884D-72BF459D19C5}.Debug|x86.ActiveCfg = Debug|x86
		{F600B76B-7523-42FD-884D-72BF459D19C5}.Debug|x86.Build.0 = Debug|x86
		{F600B76B-7523-42FD-884D-72BF459D19C5}.Debug|x86.Deploy.0 = Debug|x86
		{F600B76B-7523-42FD-884D-72BF459D19C5}.Release|Any CPU.ActiveCfg = Release|x86
		{F600B76B-7523-42FD-884D-72BF459D19C5}.Release|Any CPU.Build.0 = Release|x86
		{F600B76B-7523-42FD-884D-72BF459D19C5}.Release|Any CPU.Deploy.0 = Release|x86
		{F600B76B-7523-42FD-884D-72BF459D19C5}.Release|ARM.ActiveCfg = Release|ARM
		{F600B76B-7523-42FD-884D-72BF459D19C5}.Release|ARM.Build.0 = Release|ARM
		{F600B76B-7523-42FD-884D-72BF459D19C5}.Release|ARM.Deploy.0 = Release|ARM
		{F600B76B-7523-42FD-884D-72BF459D19C5}.Release|iPhone.ActiveCfg = Release|x86
		{F600B76B-7523-42FD-884D-72BF459D19C5}.Release|iPhone.Build.0 = Release|x86
		{F600B76B-7523-42FD-884D-72BF459D19C5}.Release|iPhone.Deploy.0 = Release|x86
		{F600B76B-7523-42FD-884D-72BF459D19C5}.Release|iPhoneSimulator.ActiveCfg = Release|x86
		{F600B76B-7523-42FD-884D-72BF459D19C5}.Release|iPhoneSimulator.Build.0 = Release|x86
		{F600B76B-7523-42FD-884D-72BF459D19C5}.Release|iPhoneSimulator.Deploy.0 = Release|x86
		{F600B76B-7523-42FD-884D-72BF459D19C5}.Release|x64.ActiveCfg = Release|x64
		{F600B76B-7523-42FD-884D-72BF459D19C5}.Release|x64.Build.0 = Release|x64
		{F600B76B-7523-42FD-884D-72BF459D19C5}.Release|x64.Deploy.0 = Release|x64
		{F600B76B-7523-42FD-884D-72BF459D19C5}.Release|x86.ActiveCfg = Release|x86
		{F600B76B-7523-42FD-884D-72BF459D19C5}.Release|x86.Build.0 = Release|x86
		{F600B76B-7523-42FD-884D-72BF459D19C5}.Release|x86.Deploy.0 = Release|x86
		{DEEF309F-16C6-45F8-ABC9-40130170680A}.Debug|Any CPU.ActiveCfg = Debug|Any CPU
		{DEEF309F-16C6-45F8-ABC9-40130170680A}.Debug|Any CPU.Build.0 = Debug|Any CPU
		{DEEF309F-16C6-45F8-ABC9-40130170680A}.Debug|Any CPU.Deploy.0 = Debug|Any CPU
		{DEEF309F-16C6-45F8-ABC9-40130170680A}.Debug|ARM.ActiveCfg = Debug|Any CPU
		{DEEF309F-16C6-45F8-ABC9-40130170680A}.Debug|ARM.Build.0 = Debug|Any CPU
		{DEEF309F-16C6-45F8-ABC9-40130170680A}.Debug|ARM.Deploy.0 = Debug|Any CPU
		{DEEF309F-16C6-45F8-ABC9-40130170680A}.Debug|iPhone.ActiveCfg = Debug|Any CPU
		{DEEF309F-16C6-45F8-ABC9-40130170680A}.Debug|iPhone.Build.0 = Debug|Any CPU
		{DEEF309F-16C6-45F8-ABC9-40130170680A}.Debug|iPhone.Deploy.0 = Debug|Any CPU
		{DEEF309F-16C6-45F8-ABC9-40130170680A}.Debug|iPhoneSimulator.ActiveCfg = Debug|Any CPU
		{DEEF309F-16C6-45F8-ABC9-40130170680A}.Debug|iPhoneSimulator.Build.0 = Debug|Any CPU
		{DEEF309F-16C6-45F8-ABC9-40130170680A}.Debug|iPhoneSimulator.Deploy.0 = Debug|Any CPU
		{DEEF309F-16C6-45F8-ABC9-40130170680A}.Debug|x64.ActiveCfg = Debug|Any CPU
		{DEEF309F-16C6-45F8-ABC9-40130170680A}.Debug|x64.Build.0 = Debug|Any CPU
		{DEEF309F-16C6-45F8-ABC9-40130170680A}.Debug|x64.Deploy.0 = Debug|Any CPU
		{DEEF309F-16C6-45F8-ABC9-40130170680A}.Debug|x86.ActiveCfg = Debug|Any CPU
		{DEEF309F-16C6-45F8-ABC9-40130170680A}.Debug|x86.Build.0 = Debug|Any CPU
		{DEEF309F-16C6-45F8-ABC9-40130170680A}.Debug|x86.Deploy.0 = Debug|Any CPU
		{DEEF309F-16C6-45F8-ABC9-40130170680A}.Release|Any CPU.ActiveCfg = Release|Any CPU
		{DEEF309F-16C6-45F8-ABC9-40130170680A}.Release|Any CPU.Build.0 = Release|Any CPU
		{DEEF309F-16C6-45F8-ABC9-40130170680A}.Release|Any CPU.Deploy.0 = Release|Any CPU
		{DEEF309F-16C6-45F8-ABC9-40130170680A}.Release|ARM.ActiveCfg = Release|Any CPU
		{DEEF309F-16C6-45F8-ABC9-40130170680A}.Release|ARM.Build.0 = Release|Any CPU
		{DEEF309F-16C6-45F8-ABC9-40130170680A}.Release|ARM.Deploy.0 = Release|Any CPU
		{DEEF309F-16C6-45F8-ABC9-40130170680A}.Release|iPhone.ActiveCfg = Release|Any CPU
		{DEEF309F-16C6-45F8-ABC9-40130170680A}.Release|iPhone.Build.0 = Release|Any CPU
		{DEEF309F-16C6-45F8-ABC9-40130170680A}.Release|iPhone.Deploy.0 = Release|Any CPU
		{DEEF309F-16C6-45F8-ABC9-40130170680A}.Release|iPhoneSimulator.ActiveCfg = Release|Any CPU
		{DEEF309F-16C6-45F8-ABC9-40130170680A}.Release|iPhoneSimulator.Build.0 = Release|Any CPU
		{DEEF309F-16C6-45F8-ABC9-40130170680A}.Release|iPhoneSimulator.Deploy.0 = Release|Any CPU
		{DEEF309F-16C6-45F8-ABC9-40130170680A}.Release|x64.ActiveCfg = Release|Any CPU
		{DEEF309F-16C6-45F8-ABC9-40130170680A}.Release|x64.Build.0 = Release|Any CPU
		{DEEF309F-16C6-45F8-ABC9-40130170680A}.Release|x64.Deploy.0 = Release|Any CPU
		{DEEF309F-16C6-45F8-ABC9-40130170680A}.Release|x86.ActiveCfg = Release|Any CPU
		{DEEF309F-16C6-45F8-ABC9-40130170680A}.Release|x86.Build.0 = Release|Any CPU
		{DEEF309F-16C6-45F8-ABC9-40130170680A}.Release|x86.Deploy.0 = Release|Any CPU
		{1CAC69DA-4834-460B-8E5F-F5ECE7C4A4CB}.Debug|Any CPU.ActiveCfg = Debug|iPhoneSimulator
		{1CAC69DA-4834-460B-8E5F-F5ECE7C4A4CB}.Debug|Any CPU.Build.0 = Debug|iPhoneSimulator
		{1CAC69DA-4834-460B-8E5F-F5ECE7C4A4CB}.Debug|Any CPU.Deploy.0 = Debug|iPhoneSimulator
		{1CAC69DA-4834-460B-8E5F-F5ECE7C4A4CB}.Debug|ARM.ActiveCfg = Debug|iPhone
		{1CAC69DA-4834-460B-8E5F-F5ECE7C4A4CB}.Debug|ARM.Build.0 = Debug|iPhone
		{1CAC69DA-4834-460B-8E5F-F5ECE7C4A4CB}.Debug|ARM.Deploy.0 = Debug|iPhone
		{1CAC69DA-4834-460B-8E5F-F5ECE7C4A4CB}.Debug|iPhone.ActiveCfg = Debug|iPhone
		{1CAC69DA-4834-460B-8E5F-F5ECE7C4A4CB}.Debug|iPhone.Build.0 = Debug|iPhone
		{1CAC69DA-4834-460B-8E5F-F5ECE7C4A4CB}.Debug|iPhone.Deploy.0 = Debug|iPhone
		{1CAC69DA-4834-460B-8E5F-F5ECE7C4A4CB}.Debug|iPhoneSimulator.ActiveCfg = Debug|iPhoneSimulator
		{1CAC69DA-4834-460B-8E5F-F5ECE7C4A4CB}.Debug|iPhoneSimulator.Build.0 = Debug|iPhoneSimulator
		{1CAC69DA-4834-460B-8E5F-F5ECE7C4A4CB}.Debug|iPhoneSimulator.Deploy.0 = Debug|iPhoneSimulator
		{1CAC69DA-4834-460B-8E5F-F5ECE7C4A4CB}.Debug|x64.ActiveCfg = Debug|iPhoneSimulator
		{1CAC69DA-4834-460B-8E5F-F5ECE7C4A4CB}.Debug|x64.Build.0 = Debug|iPhoneSimulator
		{1CAC69DA-4834-460B-8E5F-F5ECE7C4A4CB}.Debug|x64.Deploy.0 = Debug|iPhoneSimulator
		{1CAC69DA-4834-460B-8E5F-F5ECE7C4A4CB}.Debug|x86.ActiveCfg = Debug|iPhoneSimulator
		{1CAC69DA-4834-460B-8E5F-F5ECE7C4A4CB}.Debug|x86.Build.0 = Debug|iPhoneSimulator
		{1CAC69DA-4834-460B-8E5F-F5ECE7C4A4CB}.Debug|x86.Deploy.0 = Debug|iPhoneSimulator
		{1CAC69DA-4834-460B-8E5F-F5ECE7C4A4CB}.Release|Any CPU.ActiveCfg = Release|iPhoneSimulator
		{1CAC69DA-4834-460B-8E5F-F5ECE7C4A4CB}.Release|Any CPU.Build.0 = Release|iPhoneSimulator
		{1CAC69DA-4834-460B-8E5F-F5ECE7C4A4CB}.Release|Any CPU.Deploy.0 = Release|iPhoneSimulator
		{1CAC69DA-4834-460B-8E5F-F5ECE7C4A4CB}.Release|ARM.ActiveCfg = Release|iPhoneSimulator
		{1CAC69DA-4834-460B-8E5F-F5ECE7C4A4CB}.Release|ARM.Build.0 = Release|iPhoneSimulator
		{1CAC69DA-4834-460B-8E5F-F5ECE7C4A4CB}.Release|ARM.Deploy.0 = Release|iPhoneSimulator
		{1CAC69DA-4834-460B-8E5F-F5ECE7C4A4CB}.Release|iPhone.ActiveCfg = Release|iPhone
		{1CAC69DA-4834-460B-8E5F-F5ECE7C4A4CB}.Release|iPhone.Build.0 = Release|iPhone
		{1CAC69DA-4834-460B-8E5F-F5ECE7C4A4CB}.Release|iPhone.Deploy.0 = Release|iPhone
		{1CAC69DA-4834-460B-8E5F-F5ECE7C4A4CB}.Release|iPhoneSimulator.ActiveCfg = Release|iPhoneSimulator
		{1CAC69DA-4834-460B-8E5F-F5ECE7C4A4CB}.Release|iPhoneSimulator.Build.0 = Release|iPhoneSimulator
		{1CAC69DA-4834-460B-8E5F-F5ECE7C4A4CB}.Release|iPhoneSimulator.Deploy.0 = Release|iPhoneSimulator
		{1CAC69DA-4834-460B-8E5F-F5ECE7C4A4CB}.Release|x64.ActiveCfg = Release|iPhoneSimulator
		{1CAC69DA-4834-460B-8E5F-F5ECE7C4A4CB}.Release|x64.Build.0 = Release|iPhoneSimulator
		{1CAC69DA-4834-460B-8E5F-F5ECE7C4A4CB}.Release|x64.Deploy.0 = Release|iPhoneSimulator
		{1CAC69DA-4834-460B-8E5F-F5ECE7C4A4CB}.Release|x86.ActiveCfg = Release|iPhoneSimulator
		{1CAC69DA-4834-460B-8E5F-F5ECE7C4A4CB}.Release|x86.Build.0 = Release|iPhoneSimulator
		{1CAC69DA-4834-460B-8E5F-F5ECE7C4A4CB}.Release|x86.Deploy.0 = Release|iPhoneSimulator
		{731DC53D-E065-496E-92E9-215744C3BC6D}.Debug|Any CPU.ActiveCfg = Debug|Any CPU
		{731DC53D-E065-496E-92E9-215744C3BC6D}.Debug|Any CPU.Build.0 = Debug|Any CPU
		{731DC53D-E065-496E-92E9-215744C3BC6D}.Debug|Any CPU.Deploy.0 = Debug|Any CPU
		{731DC53D-E065-496E-92E9-215744C3BC6D}.Debug|ARM.ActiveCfg = Debug|Any CPU
		{731DC53D-E065-496E-92E9-215744C3BC6D}.Debug|ARM.Build.0 = Debug|Any CPU
		{731DC53D-E065-496E-92E9-215744C3BC6D}.Debug|ARM.Deploy.0 = Debug|Any CPU
		{731DC53D-E065-496E-92E9-215744C3BC6D}.Debug|iPhone.ActiveCfg = Debug|Any CPU
		{731DC53D-E065-496E-92E9-215744C3BC6D}.Debug|iPhone.Build.0 = Debug|Any CPU
		{731DC53D-E065-496E-92E9-215744C3BC6D}.Debug|iPhone.Deploy.0 = Debug|Any CPU
		{731DC53D-E065-496E-92E9-215744C3BC6D}.Debug|iPhoneSimulator.ActiveCfg = Debug|Any CPU
		{731DC53D-E065-496E-92E9-215744C3BC6D}.Debug|iPhoneSimulator.Build.0 = Debug|Any CPU
		{731DC53D-E065-496E-92E9-215744C3BC6D}.Debug|iPhoneSimulator.Deploy.0 = Debug|Any CPU
		{731DC53D-E065-496E-92E9-215744C3BC6D}.Debug|x64.ActiveCfg = Debug|Any CPU
		{731DC53D-E065-496E-92E9-215744C3BC6D}.Debug|x64.Build.0 = Debug|Any CPU
		{731DC53D-E065-496E-92E9-215744C3BC6D}.Debug|x64.Deploy.0 = Debug|Any CPU
		{731DC53D-E065-496E-92E9-215744C3BC6D}.Debug|x86.ActiveCfg = Debug|Any CPU
		{731DC53D-E065-496E-92E9-215744C3BC6D}.Debug|x86.Build.0 = Debug|Any CPU
		{731DC53D-E065-496E-92E9-215744C3BC6D}.Debug|x86.Deploy.0 = Debug|Any CPU
		{731DC53D-E065-496E-92E9-215744C3BC6D}.Release|Any CPU.ActiveCfg = Release|Any CPU
		{731DC53D-E065-496E-92E9-215744C3BC6D}.Release|Any CPU.Build.0 = Release|Any CPU
		{731DC53D-E065-496E-92E9-215744C3BC6D}.Release|Any CPU.Deploy.0 = Release|Any CPU
		{731DC53D-E065-496E-92E9-215744C3BC6D}.Release|ARM.ActiveCfg = Release|Any CPU
		{731DC53D-E065-496E-92E9-215744C3BC6D}.Release|ARM.Build.0 = Release|Any CPU
		{731DC53D-E065-496E-92E9-215744C3BC6D}.Release|ARM.Deploy.0 = Release|Any CPU
		{731DC53D-E065-496E-92E9-215744C3BC6D}.Release|iPhone.ActiveCfg = Release|Any CPU
		{731DC53D-E065-496E-92E9-215744C3BC6D}.Release|iPhone.Build.0 = Release|Any CPU
		{731DC53D-E065-496E-92E9-215744C3BC6D}.Release|iPhone.Deploy.0 = Release|Any CPU
		{731DC53D-E065-496E-92E9-215744C3BC6D}.Release|iPhoneSimulator.ActiveCfg = Release|Any CPU
		{731DC53D-E065-496E-92E9-215744C3BC6D}.Release|iPhoneSimulator.Build.0 = Release|Any CPU
		{731DC53D-E065-496E-92E9-215744C3BC6D}.Release|iPhoneSimulator.Deploy.0 = Release|Any CPU
		{731DC53D-E065-496E-92E9-215744C3BC6D}.Release|x64.ActiveCfg = Release|Any CPU
		{731DC53D-E065-496E-92E9-215744C3BC6D}.Release|x64.Build.0 = Release|Any CPU
		{731DC53D-E065-496E-92E9-215744C3BC6D}.Release|x64.Deploy.0 = Release|Any CPU
		{731DC53D-E065-496E-92E9-215744C3BC6D}.Release|x86.ActiveCfg = Release|Any CPU
		{731DC53D-E065-496E-92E9-215744C3BC6D}.Release|x86.Build.0 = Release|Any CPU
		{731DC53D-E065-496E-92E9-215744C3BC6D}.Release|x86.Deploy.0 = Release|Any CPU
	EndGlobalSection
	GlobalSection(SolutionProperties) = preSolution
		HideSolutionNode = FALSE
	EndGlobalSection
	GlobalSection(ExtensibilityGlobals) = postSolution
		SolutionGuid = {6AF065E8-12B4-4D79-9CA2-AFD410E4854C}
	EndGlobalSection
EndGlobal
